// !$*UTF8*$!
{
	archiveVersion = 1;
	classes = {
	};
	objectVersion = 46;
	objects = {

/* Begin PBXBuildFile section */
		2B74A9461BDF314E00826D80 /* AppDelegate.swift in Sources */ = {isa = PBXBuildFile; fileRef = 2B74A9451BDF314E00826D80 /* AppDelegate.swift */; };
		2B74A9481BDF314E00826D80 /* ViewController.swift in Sources */ = {isa = PBXBuildFile; fileRef = 2B74A9471BDF314E00826D80 /* ViewController.swift */; };
		2B74A94B1BDF314E00826D80 /* Main.storyboard in Resources */ = {isa = PBXBuildFile; fileRef = 2B74A9491BDF314E00826D80 /* Main.storyboard */; };
		2B74A94D1BDF314E00826D80 /* Assets.xcassets in Resources */ = {isa = PBXBuildFile; fileRef = 2B74A94C1BDF314E00826D80 /* Assets.xcassets */; };
		2B74A9501BDF314E00826D80 /* LaunchScreen.storyboard in Resources */ = {isa = PBXBuildFile; fileRef = 2B74A94E1BDF314E00826D80 /* LaunchScreen.storyboard */; };
		2B74A95B1BDF314E00826D80 /* EasingExampleUITests.swift in Sources */ = {isa = PBXBuildFile; fileRef = 2B74A95A1BDF314E00826D80 /* EasingExampleUITests.swift */; };
/* End PBXBuildFile section */

/* Begin PBXContainerItemProxy section */
		2B74A9571BDF314E00826D80 /* PBXContainerItemProxy */ = {
			isa = PBXContainerItemProxy;
			containerPortal = 2B74A93A1BDF314E00826D80 /* Project object */;
			proxyType = 1;
			remoteGlobalIDString = 2B74A9411BDF314E00826D80;
			remoteInfo = EasingExample;
		};
/* End PBXContainerItemProxy section */

/* Begin PBXFileReference section */
		2B74A9421BDF314E00826D80 /* EasingExample.app */ = {isa = PBXFileReference; explicitFileType = wrapper.application; includeInIndex = 0; path = EasingExample.app; sourceTree = BUILT_PRODUCTS_DIR; };
		2B74A9451BDF314E00826D80 /* AppDelegate.swift */ = {isa = PBXFileReference; lastKnownFileType = sourcecode.swift; path = AppDelegate.swift; sourceTree = "<group>"; };
		2B74A9471BDF314E00826D80 /* ViewController.swift */ = {isa = PBXFileReference; lastKnownFileType = sourcecode.swift; path = ViewController.swift; sourceTree = "<group>"; };
		2B74A94A1BDF314E00826D80 /* Base */ = {isa = PBXFileReference; lastKnownFileType = file.storyboard; name = Base; path = Base.lproj/Main.storyboard; sourceTree = "<group>"; };
		2B74A94C1BDF314E00826D80 /* Assets.xcassets */ = {isa = PBXFileReference; lastKnownFileType = folder.assetcatalog; path = Assets.xcassets; sourceTree = "<group>"; };
		2B74A94F1BDF314E00826D80 /* Base */ = {isa = PBXFileReference; lastKnownFileType = file.storyboard; name = Base; path = Base.lproj/LaunchScreen.storyboard; sourceTree = "<group>"; };
		2B74A9511BDF314E00826D80 /* Info.plist */ = {isa = PBXFileReference; lastKnownFileType = text.plist.xml; path = Info.plist; sourceTree = "<group>"; };
		2B74A9561BDF314E00826D80 /* EasingExampleUITests.xctest */ = {isa = PBXFileReference; explicitFileType = wrapper.cfbundle; includeInIndex = 0; path = EasingExampleUITests.xctest; sourceTree = BUILT_PRODUCTS_DIR; };
		2B74A95A1BDF314E00826D80 /* EasingExampleUITests.swift */ = {isa = PBXFileReference; lastKnownFileType = sourcecode.swift; path = EasingExampleUITests.swift; sourceTree = "<group>"; };
		2B74A95C1BDF314E00826D80 /* Info.plist */ = {isa = PBXFileReference; lastKnownFileType = text.plist.xml; path = Info.plist; sourceTree = "<group>"; };
/* End PBXFileReference section */

/* Begin PBXFrameworksBuildPhase section */
		2B74A93F1BDF314E00826D80 /* Frameworks */ = {
			isa = PBXFrameworksBuildPhase;
			buildActionMask = 2147483647;
			files = (
			);
			runOnlyForDeploymentPostprocessing = 0;
		};
		2B74A9531BDF314E00826D80 /* Frameworks */ = {
			isa = PBXFrameworksBuildPhase;
			buildActionMask = 2147483647;
			files = (
			);
			runOnlyForDeploymentPostprocessing = 0;
		};
/* End PBXFrameworksBuildPhase section */

/* Begin PBXGroup section */
		2B74A9391BDF314E00826D80 = {
			isa = PBXGroup;
			children = (
				2B74A9441BDF314E00826D80 /* EasingExample */,
				2B74A9591BDF314E00826D80 /* EasingExampleUITests */,
				2B74A9431BDF314E00826D80 /* Products */,
			);
			sourceTree = "<group>";
		};
		2B74A9431BDF314E00826D80 /* Products */ = {
			isa = PBXGroup;
			children = (
				2B74A9421BDF314E00826D80 /* EasingExample.app */,
				2B74A9561BDF314E00826D80 /* EasingExampleUITests.xctest */,
			);
			name = Products;
			sourceTree = "<group>";
		};
		2B74A9441BDF314E00826D80 /* EasingExample */ = {
			isa = PBXGroup;
			children = (
				2B74A9451BDF314E00826D80 /* AppDelegate.swift */,
				2B74A9471BDF314E00826D80 /* ViewController.swift */,
				2B74A9491BDF314E00826D80 /* Main.storyboard */,
				2B74A94C1BDF314E00826D80 /* Assets.xcassets */,
				2B74A94E1BDF314E00826D80 /* LaunchScreen.storyboard */,
				2B74A9511BDF314E00826D80 /* Info.plist */,
			);
			path = EasingExample;
			sourceTree = "<group>";
		};
		2B74A9591BDF314E00826D80 /* EasingExampleUITests */ = {
			isa = PBXGroup;
			children = (
				2B74A95A1BDF314E00826D80 /* EasingExampleUITests.swift */,
				2B74A95C1BDF314E00826D80 /* Info.plist */,
			);
			path = EasingExampleUITests;
			sourceTree = "<group>";
		};
/* End PBXGroup section */

/* Begin PBXNativeTarget section */
		2B74A9411BDF314E00826D80 /* EasingExample */ = {
			isa = PBXNativeTarget;
			buildConfigurationList = 2B74A95F1BDF314E00826D80 /* Build configuration list for PBXNativeTarget "EasingExample" */;
			buildPhases = (
				2B74A93E1BDF314E00826D80 /* Sources */,
				2B74A93F1BDF314E00826D80 /* Frameworks */,
				2B74A9401BDF314E00826D80 /* Resources */,
			);
			buildRules = (
			);
			dependencies = (
			);
			name = EasingExample;
			productName = EasingExample;
			productReference = 2B74A9421BDF314E00826D80 /* EasingExample.app */;
			productType = "com.apple.product-type.application";
		};
		2B74A9551BDF314E00826D80 /* EasingExampleUITests */ = {
			isa = PBXNativeTarget;
			buildConfigurationList = 2B74A9621BDF314E00826D80 /* Build configuration list for PBXNativeTarget "EasingExampleUITests" */;
			buildPhases = (
				2B74A9521BDF314E00826D80 /* Sources */,
				2B74A9531BDF314E00826D80 /* Frameworks */,
				2B74A9541BDF314E00826D80 /* Resources */,
			);
			buildRules = (
			);
			dependencies = (
				2B74A9581BDF314E00826D80 /* PBXTargetDependency */,
			);
			name = EasingExampleUITests;
			productName = EasingExampleUITests;
			productReference = 2B74A9561BDF314E00826D80 /* EasingExampleUITests.xctest */;
			productType = "com.apple.product-type.bundle.ui-testing";
		};
/* End PBXNativeTarget section */

/* Begin PBXProject section */
		2B74A93A1BDF314E00826D80 /* Project object */ = {
			isa = PBXProject;
			attributes = {
				LastUpgradeCheck = 0700;
				ORGANIZATIONNAME = jforce;
				TargetAttributes = {
					2B74A9411BDF314E00826D80 = {
						CreatedOnToolsVersion = 7.0.1;
					};
					2B74A9551BDF314E00826D80 = {
						CreatedOnToolsVersion = 7.0.1;
						TestTargetID = 2B74A9411BDF314E00826D80;
					};
				};
			};
			buildConfigurationList = 2B74A93D1BDF314E00826D80 /* Build configuration list for PBXProject "EasingExample" */;
			compatibilityVersion = "Xcode 3.2";
			developmentRegion = English;
			hasScannedForEncodings = 0;
			knownRegions = (
				en,
				Base,
			);
			mainGroup = 2B74A9391BDF314E00826D80;
			productRefGroup = 2B74A9431BDF314E00826D80 /* Products */;
			projectDirPath = "";
			projectRoot = "";
			targets = (
				2B74A9411BDF314E00826D80 /* EasingExample */,
				2B74A9551BDF314E00826D80 /* EasingExampleUITests */,
			);
		};
/* End PBXProject section */

/* Begin PBXResourcesBuildPhase section */
		2B74A9401BDF314E00826D80 /* Resources */ = {
			isa = PBXResourcesBuildPhase;
			buildActionMask = 2147483647;
			files = (
				2B74A9501BDF314E00826D80 /* LaunchScreen.storyboard in Resources */,
				2B74A94D1BDF314E00826D80 /* Assets.xcassets in Resources */,
				2B74A94B1BDF314E00826D80 /* Main.storyboard in Resources */,
			);
			runOnlyForDeploymentPostprocessing = 0;
		};
		2B74A9541BDF314E00826D80 /* Resources */ = {
			isa = PBXResourcesBuildPhase;
			buildActionMask = 2147483647;
			files = (
			);
			runOnlyForDeploymentPostprocessing = 0;
		};
/* End PBXResourcesBuildPhase section */

/* Begin PBXSourcesBuildPhase section */
		2B74A93E1BDF314E00826D80 /* Sources */ = {
			isa = PBXSourcesBuildPhase;
			buildActionMask = 2147483647;
			files = (
				2B74A9481BDF314E00826D80 /* ViewController.swift in Sources */,
				2B74A9461BDF314E00826D80 /* AppDelegate.swift in Sources */,
			);
			runOnlyForDeploymentPostprocessing = 0;
		};
		2B74A9521BDF314E00826D80 /* Sources */ = {
			isa = PBXSourcesBuildPhase;
			buildActionMask = 2147483647;
			files = (
				2B74A95B1BDF314E00826D80 /* EasingExampleUITests.swift in Sources */,
			);
			runOnlyForDeploymentPostprocessing = 0;
		};
/* End PBXSourcesBuildPhase section */

/* Begin PBXTargetDependency section */
		2B74A9581BDF314E00826D80 /* PBXTargetDependency */ = {
			isa = PBXTargetDependency;
			target = 2B74A9411BDF314E00826D80 /* EasingExample */;
			targetProxy = 2B74A9571BDF314E00826D80 /* PBXContainerItemProxy */;
		};
/* End PBXTargetDependency section */

/* Begin PBXVariantGroup section */
		2B74A9491BDF314E00826D80 /* Main.storyboard */ = {
			isa = PBXVariantGroup;
			children = (
				2B74A94A1BDF314E00826D80 /* Base */,
			);
			name = Main.storyboard;
			sourceTree = "<group>";
		};
		2B74A94E1BDF314E00826D80 /* LaunchScreen.storyboard */ = {
			isa = PBXVariantGroup;
			children = (
				2B74A94F1BDF314E00826D80 /* Base */,
			);
			name = LaunchScreen.storyboard;
			sourceTree = "<group>";
		};
/* End PBXVariantGroup section */

/* Begin XCBuildConfiguration section */
		2B74A95D1BDF314E00826D80 /* Debug */ = {
			isa = XCBuildConfiguration;
			buildSettings = {
				ALWAYS_SEARCH_USER_PATHS = NO;
				CLANG_CXX_LANGUAGE_STANDARD = "gnu++0x";
				CLANG_CXX_LIBRARY = "libc++";
				CLANG_ENABLE_MODULES = YES;
				CLANG_ENABLE_OBJC_ARC = YES;
				CLANG_WARN_BOOL_CONVERSION = YES;
				CLANG_WARN_CONSTANT_CONVERSION = YES;
				CLANG_WARN_DIRECT_OBJC_ISA_USAGE = YES_ERROR;
				CLANG_WARN_EMPTY_BODY = YES;
				CLANG_WARN_ENUM_CONVERSION = YES;
				CLANG_WARN_INT_CONVERSION = YES;
				CLANG_WARN_OBJC_ROOT_CLASS = YES_ERROR;
				CLANG_WARN_UNREACHABLE_CODE = YES;
				CLANG_WARN__DUPLICATE_METHOD_MATCH = YES;
				"CODE_SIGN_IDENTITY[sdk=iphoneos*]" = "iPhone Developer";
				COPY_PHASE_STRIP = NO;
				DEBUG_INFORMATION_FORMAT = dwarf;
				ENABLE_STRICT_OBJC_MSGSEND = YES;
				ENABLE_TESTABILITY = YES;
				GCC_C_LANGUAGE_STANDARD = gnu99;
				GCC_DYNAMIC_NO_PIC = NO;
				GCC_NO_COMMON_BLOCKS = YES;
				GCC_OPTIMIZATION_LEVEL = 0;
				GCC_PREPROCESSOR_DEFINITIONS = (
					"DEBUG=1",
					"$(inherited)",
				);
				GCC_WARN_64_TO_32_BIT_CONVERSION = YES;
				GCC_WARN_ABOUT_RETURN_TYPE = YES_ERROR;
				GCC_WARN_UNDECLARED_SELECTOR = YES;
				GCC_WARN_UNINITIALIZED_AUTOS = YES_AGGRESSIVE;
				GCC_WARN_UNUSED_FUNCTION = YES;
				GCC_WARN_UNUSED_VARIABLE = YES;
				IPHONEOS_DEPLOYMENT_TARGET = 9.0;
				MTL_ENABLE_DEBUG_INFO = YES;
				ONLY_ACTIVE_ARCH = YES;
				SDKROOT = iphoneos;
				SWIFT_OPTIMIZATION_LEVEL = "-Onone";
			};
			name = Debug;
		};
		2B74A95E1BDF314E00826D80 /* Release */ = {
			isa = XCBuildConfiguration;
			buildSettings = {
				ALWAYS_SEARCH_USER_PATHS = NO;
				CLANG_CXX_LANGUAGE_STANDARD = "gnu++0x";
				CLANG_CXX_LIBRARY = "libc++";
				CLANG_ENABLE_MODULES = YES;
				CLANG_ENABLE_OBJC_ARC = YES;
				CLANG_WARN_BOOL_CONVERSION = YES;
				CLANG_WARN_CONSTANT_CONVERSION = YES;
				CLANG_WARN_DIRECT_OBJC_ISA_USAGE = YES_ERROR;
				CLANG_WARN_EMPTY_BODY = YES;
				CLANG_WARN_ENUM_CONVERSION = YES;
				CLANG_WARN_INT_CONVERSION = YES;
				CLANG_WARN_OBJC_ROOT_CLASS = YES_ERROR;
				CLANG_WARN_UNREACHABLE_CODE = YES;
				CLANG_WARN__DUPLICATE_METHOD_MATCH = YES;
				"CODE_SIGN_IDENTITY[sdk=iphoneos*]" = "iPhone Developer";
				COPY_PHASE_STRIP = NO;
				DEBUG_INFORMATION_FORMAT = "dwarf-with-dsym";
				ENABLE_NS_ASSERTIONS = NO;
				ENABLE_STRICT_OBJC_MSGSEND = YES;
				GCC_C_LANGUAGE_STANDARD = gnu99;
				GCC_NO_COMMON_BLOCKS = YES;
				GCC_WARN_64_TO_32_BIT_CONVERSION = YES;
				GCC_WARN_ABOUT_RETURN_TYPE = YES_ERROR;
				GCC_WARN_UNDECLARED_SELECTOR = YES;
				GCC_WARN_UNINITIALIZED_AUTOS = YES_AGGRESSIVE;
				GCC_WARN_UNUSED_FUNCTION = YES;
				GCC_WARN_UNUSED_VARIABLE = YES;
				IPHONEOS_DEPLOYMENT_TARGET = 9.0;
				MTL_ENABLE_DEBUG_INFO = NO;
				SDKROOT = iphoneos;
				VALIDATE_PRODUCT = YES;
			};
			name = Release;
		};
		2B74A9601BDF314E00826D80 /* Debug */ = {
			isa = XCBuildConfiguration;
			buildSettings = {
				ASSETCATALOG_COMPILER_APPICON_NAME = AppIcon;
				INFOPLIST_FILE = EasingExample/Info.plist;
				LD_RUNPATH_SEARCH_PATHS = "$(inherited) @executable_path/Frameworks";
				PRODUCT_BUNDLE_IDENTIFIER = im.jforce.EasingExample;
				PRODUCT_NAME = "$(TARGET_NAME)";
			};
			name = Debug;
		};
		2B74A9611BDF314E00826D80 /* Release */ = {
			isa = XCBuildConfiguration;
			buildSettings = {
				ASSETCATALOG_COMPILER_APPICON_NAME = AppIcon;
				INFOPLIST_FILE = EasingExample/Info.plist;
				LD_RUNPATH_SEARCH_PATHS = "$(inherited) @executable_path/Frameworks";
				PRODUCT_BUNDLE_IDENTIFIER = im.jforce.EasingExample;
				PRODUCT_NAME = "$(TARGET_NAME)";
			};
			name = Release;
		};
		2B74A9631BDF314E00826D80 /* Debug */ = {
			isa = XCBuildConfiguration;
			buildSettings = {
				INFOPLIST_FILE = EasingExampleUITests/Info.plist;
				LD_RUNPATH_SEARCH_PATHS = "$(inherited) @executable_path/Frameworks @loader_path/Frameworks";
				PRODUCT_BUNDLE_IDENTIFIER = im.jforce.EasingExampleUITests;
				PRODUCT_NAME = "$(TARGET_NAME)";
				TEST_TARGET_NAME = EasingExample;
				USES_XCTRUNNER = YES;
			};
			name = Debug;
		};
		2B74A9641BDF314E00826D80 /* Release */ = {
			isa = XCBuildConfiguration;
			buildSettings = {
				INFOPLIST_FILE = EasingExampleUITests/Info.plist;
				LD_RUNPATH_SEARCH_PATHS = "$(inherited) @executable_path/Frameworks @loader_path/Frameworks";
				PRODUCT_BUNDLE_IDENTIFIER = im.jforce.EasingExampleUITests;
				PRODUCT_NAME = "$(TARGET_NAME)";
				TEST_TARGET_NAME = EasingExample;
				USES_XCTRUNNER = YES;
			};
			name = Release;
		};
/* End XCBuildConfiguration section */

/* Begin XCConfigurationList section */
		2B74A93D1BDF314E00826D80 /* Build configuration list for PBXProject "EasingExample" */ = {
			isa = XCConfigurationList;
			buildConfigurations = (
				2B74A95D1BDF314E00826D80 /* Debug */,
				2B74A95E1BDF314E00826D80 /* Release */,
			);
			defaultConfigurationIsVisible = 0;
			defaultConfigurationName = Release;
		};
		2B74A95F1BDF314E00826D80 /* Build configuration list for PBXNativeTarget "EasingExample" */ = {
			isa = XCConfigurationList;
			buildConfigurations = (
				2B74A9601BDF314E00826D80 /* Debug */,
				2B74A9611BDF314E00826D80 /* Release */,
			);
			defaultConfigurationIsVisible = 0;
		};
		2B74A9621BDF314E00826D80 /* Build configuration list for PBXNativeTarget "EasingExampleUITests" */ = {
			isa = XCConfigurationList;
			buildConfigurations = (
				2B74A9631BDF314E00826D80 /* Debug */,
				2B74A9641BDF314E00826D80 /* Release */,
			);
			defaultConfigurationIsVisible = 0;
		};
/* End XCConfigurationList section */
	};
	rootObject = 2B74A93A1BDF314E00826D80 /* Project object */;
}
